
Microsoft Visual Studio Solution File, Format Version 12.00
# Visual Studio Version 17
VisualStudioVersion = 17.13.35818.85 d17.13
MinimumVisualStudioVersion = 10.0.40219.1
Project("{FAE04EC0-301F-11D3-BF4B-00C04F79EFBC}") = "HarrysImportantProject", "HarrysImportantProject.csproj", "{47040B33-B5A1-42AD-81CC-1A5C2B55D7B5}"
EndProject
Global
	GlobalSection(SolutionConfigurationPlatforms) = preSolution
		Debug|Any CPU = Debug|Any CPU
		Release|Any CPU = Release|Any CPU
	EndGlobalSection
	GlobalSection(ProjectConfigurationPlatforms) = postSolution
		{47040B33-B5A1-42AD-81CC-1A5C2B55D7B5}.Debug|Any CPU.ActiveCfg = Debug|Any CPU
		{47040B33-B5A1-42AD-81CC-1A5C2B55D7B5}.Debug|Any CPU.Build.0 = Debug|Any CPU
		{47040B33-B5A1-42AD-81CC-1A5C2B55D7B5}.Release|Any CPU.ActiveCfg = Release|Any CPU
		{47040B33-B5A1-42AD-81CC-1A5C2B55D7B5}.Release|Any CPU.Build.0 = Release|Any CPU
	EndGlobalSection
	GlobalSection(SolutionProperties) = preSolution
		HideSolutionNode = FALSE
	EndGlobalSection
	GlobalSection(ExtensibilityGlobals) = postSolution
		SolutionGuid = {0218638A-9093-47D5-9330-36FB27B503E5}
	EndGlobalSection
EndGlobal
